
Microsoft Visual Studio Solution File, Format Version 12.00
# Visual Studio Version 17
VisualStudioVersion = 17.1.32328.378
MinimumVisualStudioVersion = 10.0.40219.1
Project("{9A19103F-16F7-4668-BE54-9A1E7A4F7556}") = "HuoHuan", "HuoHuan\HuoHuan.csproj", "{E4D36334-E624-46F0-9F24-609B90C3CCCA}"
EndProject
Project("{9A19103F-16F7-4668-BE54-9A1E7A4F7556}") = "HuoHuan.Test", "HuoHuan.Test\HuoHuan.Test.csproj", "{B4E565DC-8314-486F-880E-583EF68B27FC}"
EndProject
Project("{D954291E-2A0B-460D-934E-DC6B0785DB48}") = "HuoHuan.Glue", "HuoHuan.Glue\HuoHuan.Glue.shproj", "{00DA64DB-9C28-4421-B2CF-2BA951D45CCC}"
EndProject
Project("{FAE04EC0-301F-11D3-BF4B-00C04F79EFBC}") = "HuoHuan.Plugins", "HuoHuan.Plugins\HuoHuan.Plugins.csproj", "{50FBCA05-14F9-4C24-A9AB-FFD61B881C30}"
EndProject
Global
	GlobalSection(SolutionConfigurationPlatforms) = preSolution
		Debug|Any CPU = Debug|Any CPU
		Release|Any CPU = Release|Any CPU
	EndGlobalSection
	GlobalSection(ProjectConfigurationPlatforms) = postSolution
		{E4D36334-E624-46F0-9F24-609B90C3CCCA}.Debug|Any CPU.ActiveCfg = Debug|Any CPU
		{E4D36334-E624-46F0-9F24-609B90C3CCCA}.Debug|Any CPU.Build.0 = Debug|Any CPU
		{E4D36334-E624-46F0-9F24-609B90C3CCCA}.Release|Any CPU.ActiveCfg = Release|Any CPU
		{E4D36334-E624-46F0-9F24-609B90C3CCCA}.Release|Any CPU.Build.0 = Release|Any CPU
		{B4E565DC-8314-486F-880E-583EF68B27FC}.Debug|Any CPU.ActiveCfg = Debug|Any CPU
		{B4E565DC-8314-486F-880E-583EF68B27FC}.Debug|Any CPU.Build.0 = Debug|Any CPU
		{B4E565DC-8314-486F-880E-583EF68B27FC}.Release|Any CPU.ActiveCfg = Release|Any CPU
		{B4E565DC-8314-486F-880E-583EF68B27FC}.Release|Any CPU.Build.0 = Release|Any CPU
		{50FBCA05-14F9-4C24-A9AB-FFD61B881C30}.Debug|Any CPU.ActiveCfg = Debug|Any CPU
		{50FBCA05-14F9-4C24-A9AB-FFD61B881C30}.Debug|Any CPU.Build.0 = Debug|Any CPU
		{50FBCA05-14F9-4C24-A9AB-FFD61B881C30}.Release|Any CPU.ActiveCfg = Release|Any CPU
		{50FBCA05-14F9-4C24-A9AB-FFD61B881C30}.Release|Any CPU.Build.0 = Release|Any CPU
	EndGlobalSection
	GlobalSection(SolutionProperties) = preSolution
		HideSolutionNode = FALSE
	EndGlobalSection
	GlobalSection(ExtensibilityGlobals) = postSolution
		SolutionGuid = {AA1AD3A4-FA20-45D9-8B6C-9CF5064D6E79}
	EndGlobalSection
	GlobalSection(SharedMSBuildProjectFiles) = preSolution
		HuoHuan.Glue\HuoHuan.Glue.projitems*{00da64db-9c28-4421-b2cf-2ba951d45ccc}*SharedItemsImports = 13
		HuoHuan.Glue\HuoHuan.Glue.projitems*{50fbca05-14f9-4c24-a9ab-ffd61b881c30}*SharedItemsImports = 5
		HuoHuan.Glue\HuoHuan.Glue.projitems*{e4d36334-e624-46f0-9f24-609b90c3ccca}*SharedItemsImports = 5
	EndGlobalSection
EndGlobal
